{
  "version": 1,
  "dependencies": {
    "net7.0": {
      "CommunityToolkit.HighPerformance": {
        "type": "Direct",
        "requested": "[8.1.0, )",
        "resolved": "8.1.0",
        "contentHash": "kgDi65k02hrgnHy3N0xENecsr0spW13RdIA1tipovi9t16gKziI7uZIu3qkxz0GctCHNM4hfeqXYg//6wHJ6Kw=="
      },
      "Google.Api.CommonProtos": {
        "type": "Direct",
        "requested": "[2.8.0, )",
        "resolved": "2.8.0",
        "contentHash": "PkidkQ87tErdlaB+q4f3BETKqtd1cNzWr7p4dCiWOwp5fiaES0EokRqpjpeEbYZFu2R3u/k0xZddpWANcmV5tw==",
        "dependencies": {
          "Google.Protobuf": "[3.22.0, 4.0.0)"
        }
      },
      "Google.Protobuf": {
        "type": "Direct",
        "requested": "[3.22.0, )",
        "resolved": "3.22.0",
        "contentHash": "UE1TRMrBBBmnA8xbqzTvX4sSwn+2W/Xxrs/v5Aws/7C8RD6fY6STi1eAnCu7Ez93oHcPdpyStGnFel/aIB407Q=="
      },
      "Grpc.Net.Client": {
        "type": "Direct",
        "requested": "[2.51.0, )",
        "resolved": "2.51.0",
        "contentHash": "6XybyqUGn5+8UTMRKAfbM+aXagR3qxHROIEeFyul5gvh/dF3UqpnpnTkcRKIae4n5+Bt8j1J1VdNqYyEvYoYyg==",
        "dependencies": {
          "Grpc.Net.Common": "2.51.0",
          "Microsoft.Extensions.Logging.Abstractions": "3.0.3"
        }
      },
      "Grpc.Net.ClientFactory": {
        "type": "Direct",
        "requested": "[2.51.0, )",
        "resolved": "2.51.0",
        "contentHash": "FB4do8BgRYgnFvm/KDZf/VJTjyW5km9PrPcrrd5zVLBI0B7gF/N7w8mBNwcs2yrU1U93t9WilA7v+GWd77BLdA==",
        "dependencies": {
          "Grpc.Net.Client": "2.51.0",
          "Microsoft.Extensions.Http": "3.0.3"
        }
      },
      "Grpc.Tools": {
        "type": "Direct",
        "requested": "[2.52.0-pre1, )",
        "resolved": "2.52.0-pre1",
        "contentHash": "mjpi7owBbt14SG2e0PHfVM7ldqMLw+WQLyuHPuPVj7HtcU9lWx/m2ijuInYMyFIb+zsDX51J0g+z/xbn2lUcjg=="
      },
      "MemoryPack": {
        "type": "Direct",
        "requested": "[1.9.13, )",
        "resolved": "1.9.13",
        "contentHash": "aLZgYHIZ01egF4pdJO7lL7oDbv6PKU4hDDO4G99dbiTuSwTQDnnTfAzNT67zwnIK+iffRxVIs/jmvvKtDIVtzQ==",
        "dependencies": {
          "MemoryPack.Core": "1.9.13",
          "MemoryPack.Generator": "1.9.13"
        }
      },
      "MemoryPack.Generator": {
        "type": "Direct",
        "requested": "[1.9.13, )",
        "resolved": "1.9.13",
        "contentHash": "1khUb/7bjAy8BRp/N9gwTfnPbdW1vo6vGgtIcb3/P1JuA8onGIRIdH/0J672J9NZRGE0T7wjKNLS32ODw+QpSw=="
      },
      "Microsoft.Extensions.Caching.Abstractions": {
        "type": "Direct",
        "requested": "[7.0.0, )",
        "resolved": "7.0.0",
        "contentHash": "IeimUd0TNbhB4ded3AbgBLQv2SnsiVugDyGV1MvspQFVlA07nDC7Zul7kcwH5jWN3JiTcp/ySE83AIJo8yfKjg==",
        "dependencies": {
          "Microsoft.Extensions.Primitives": "7.0.0"
        }
      },
      "Portable.BouncyCastle": {
        "type": "Direct",
        "requested": "[1.9.0, )",
        "resolved": "1.9.0",
        "contentHash": "eZZBCABzVOek+id9Xy04HhmgykF0wZg9wpByzrWN7q8qEI0Qen9b7tfd7w8VA3dOeesumMG7C5ZPy0jk7PSRHw=="
      },
      "System.Text.Json": {
        "type": "Direct",
        "requested": "[8.0.0-preview.1.23110.8, )",
        "resolved": "8.0.0-preview.1.23110.8",
        "contentHash": "s/llr/mWK+yc0KWHGvVWqgervD32hsTlXykrvvfE/9O4cCsUErWqQ+ZnbIbKTqShGn3YfruBED5uZMoYOOzAYw==",
        "dependencies": {
          "System.Text.Encodings.Web": "8.0.0-preview.1.23110.8"
        }
      },
      "Grpc.Core.Api": {
        "type": "Transitive",
        "resolved": "2.51.0",
        "contentHash": "WUYCnxZKfdBWCKNs08lWFRoTjESt3iyFDthsZu5KcWguZ4OnnXrTu/K5mIdO+R9dUhuw5Xm1ygUrI1e2q8d1YA==",
        "dependencies": {
          "System.Memory": "4.5.3"
        }
      },
      "Grpc.Net.Common": {
        "type": "Transitive",
        "resolved": "2.51.0",
        "contentHash": "lAymSKjOHFopWt7RAF/Rxkf7SKGZaj+tJdabcnobm6XkdHX1zIQdkByeqIwmJesDbbCTpLEae6oSrn4eWWE9TQ==",
        "dependencies": {
          "Grpc.Core.Api": "2.51.0"
        }
      },
      "MemoryPack.Core": {
        "type": "Transitive",
        "resolved": "1.9.13",
        "contentHash": "p2kKNc1jJyNAn8ygQsVEBcz3icCkH5+jqinXMGsSaGvkCYgEzcYuEFBC21ExZw3Gk1uf8gKhzZk2pIl/bmnKvA=="
      },
      "Microsoft.Extensions.Configuration": {
        "type": "Transitive",
        "resolved": "3.0.3",
        "contentHash": "0F/MLd7yOSjhswQSFO6tkTREHxBffE/AS9gnvtx1jVFaKNdJPEj+2KOdREmYZ4Orpvf4nwXGwbRpX5SLlwIPEw==",
        "dependencies": {
          "Microsoft.Extensions.Configuration.Abstractions": "3.0.3"
        }
      },
      "Microsoft.Extensions.Configuration.Abstractions": {
        "type": "Transitive",
        "resolved": "3.0.3",
        "contentHash": "ND+ka7njp3HgVJCVn0YgpuxbFWBOCkcQaK+UBGJNseDhjz6I/qpXmCqLK+nXSzxU7cdscFWnUJS6wjEEEkMvSQ==",
        "dependencies": {
          "Microsoft.Extensions.Primitives": "3.0.3"
        }
      },
      "Microsoft.Extensions.Configuration.Binder": {
        "type": "Transitive",
        "resolved": "3.0.3",
        "contentHash": "hRmuReZgWqWqko4RXaGd/DP9L7380+HafHgbR5CMc7AZYmoLpUmeV8O8sgZqJONCbzg1q0Sz8U8Gy99eETpGPA==",
        "dependencies": {
          "Microsoft.Extensions.Configuration": "3.0.3"
        }
      },
      "Microsoft.Extensions.DependencyInjection": {
        "type": "Transitive",
        "resolved": "3.0.3",
        "contentHash": "Vu59TuHl3zoRI8vwK6gQL2EbWI2Qf/uBHFkSJXb4pgNvW7g8yK6Gn3v1bXDIKbMKEneTApriHfCVde0O314K+g==",
        "dependencies": {
          "Microsoft.Extensions.DependencyInjection.Abstractions": "3.0.3"
        }
      },
      "Microsoft.Extensions.DependencyInjection.Abstractions": {
        "type": "Transitive",
        "resolved": "3.0.3",
        "contentHash": "Wb1ejBzHhCvp7VMr+M7vlHoXb68mJ89IHj4L+TzL8yA+X7Iz2UTAEkl8aIbhRloroYJw5zvlIPtKF5uA4wFlxw=="
      },
      "Microsoft.Extensions.Http": {
        "type": "Transitive",
        "resolved": "3.0.3",
        "contentHash": "dcyB8szIcSynjVZRuFgqkZpPgTc5zeRSj1HMXSmNqWbHYKiPYJl8ZQgBHz6wmZNSUUNGpCs5uxUg8DZHHDC1Ew==",
        "dependencies": {
          "Microsoft.Extensions.DependencyInjection.Abstractions": "3.0.3",
          "Microsoft.Extensions.Logging": "3.0.3",
          "Microsoft.Extensions.Options": "3.0.3"
        }
      },
      "Microsoft.Extensions.Logging": {
        "type": "Transitive",
        "resolved": "3.0.3",
        "contentHash": "uAZppu6kWIgS+VtVjqmhh+k3bMztwWQR5HYxI++Cn5Kz5m099g0KJ+krUrckaZP9NqIplQu63tPR5YpNWnjLuw==",
        "dependencies": {
          "Microsoft.Extensions.Configuration.Binder": "3.0.3",
          "Microsoft.Extensions.DependencyInjection": "3.0.3",
          "Microsoft.Extensions.Logging.Abstractions": "3.0.3",
          "Microsoft.Extensions.Options": "3.0.3"
        }
      },
      "Microsoft.Extensions.Logging.Abstractions": {
        "type": "Transitive",
        "resolved": "3.0.3",
        "contentHash": "m2Jyi/MEn043WMI1I6J1ALuCThktZ93rd7eqzYeLmMcA0bdZC+TBVl0LuEbEWM01dWeeBjOoagjNwQTzOi2r6A=="
      },
      "Microsoft.Extensions.Options": {
        "type": "Transitive",
        "resolved": "3.0.3",
        "contentHash": "cvP/w0kyT9TmrDPMY2ZHJBWx+gRH0jHKaJPkzN47UBpLLC4KbqVU5AoCMK47+ZChlINhqJX2WTflbLe5KufD/A==",
        "dependencies": {
          "Microsoft.Extensions.DependencyInjection.Abstractions": "3.0.3",
          "Microsoft.Extensions.Primitives": "3.0.3"
        }
      },
      "Microsoft.Extensions.Primitives": {
        "type": "Transitive",
        "resolved": "7.0.0",
        "contentHash": "um1KU5kxcRp3CNuI8o/GrZtD4AIOXDk+RLsytjZ9QPok3ttLUelLKpilVPuaFT3TFjOhSibUAso0odbOaCDj3Q=="
      },
      "System.Memory": {
        "type": "Transitive",
        "resolved": "4.5.3",
        "contentHash": "3oDzvc/zzetpTKWMShs1AADwZjQ/36HnsufHRPcOjyRAAMLDlu2iD33MBI2opxnezcVUtXyqDXXjoFMOU9c7SA=="
      },
      "System.Text.Encodings.Web": {
        "type": "Transitive",
        "resolved": "8.0.0-preview.1.23110.8",
        "contentHash": "/mPzObxniVbJp8ij8GPbOQfKjGkEH1Drz4PUaD14ZMqqb2D5yi10yKcl9HzQedqKCwvfLwu20eGf02AFh4pl7Q=="
      }
    }
  }
}